
Microsoft Visual Studio Solution File, Format Version 12.00
# Visual Studio Version 17
VisualStudioVersion = 17.7.34221.43
MinimumVisualStudioVersion = 10.0.40219.1
Project("{FAE04EC0-301F-11D3-BF4B-00C04F79EFBC}") = "AgendaDelConsultorio", "AgendaDelConsultorio.csproj", "{598065CA-5B33-4529-BF17-55F91D3D6C09}"
EndProject
Global
	GlobalSection(SolutionConfigurationPlatforms) = preSolution
		Debug|Any CPU = Debug|Any CPU
		Release|Any CPU = Release|Any CPU
	EndGlobalSection
	GlobalSection(ProjectConfigurationPlatforms) = postSolution
		{598065CA-5B33-4529-BF17-55F91D3D6C09}.Debug|Any CPU.ActiveCfg = Debug|Any CPU
		{598065CA-5B33-4529-BF17-55F91D3D6C09}.Debug|Any CPU.Build.0 = Debug|Any CPU
		{598065CA-5B33-4529-BF17-55F91D3D6C09}.Release|Any CPU.ActiveCfg = Release|Any CPU
		{598065CA-5B33-4529-BF17-55F91D3D6C09}.Release|Any CPU.Build.0 = Release|Any CPU
	EndGlobalSection
	GlobalSection(SolutionProperties) = preSolution
		HideSolutionNode = FALSE
	EndGlobalSection
	GlobalSection(ExtensibilityGlobals) = postSolution
		SolutionGuid = {3EF77E57-56AD-4842-8424-19B9EF3FE573}
	EndGlobalSection
EndGlobal
